
Microsoft Visual Studio Solution File, Format Version 12.00
# Visual Studio Version 16
VisualStudioVersion = 16.0.31605.320
MinimumVisualStudioVersion = 10.0.40219.1
Project("{FAE04EC0-301F-11D3-BF4B-00C04F79EFBC}") = "SampleFuncApp6899", "SampleFuncApp6899.csproj", "{A10E7BE5-B68D-4788-BD2E-F4A474BBF44C}"
EndProject
Global
	GlobalSection(SolutionConfigurationPlatforms) = preSolution
		Debug|Any CPU = Debug|Any CPU
		Release|Any CPU = Release|Any CPU
	EndGlobalSection
	GlobalSection(ProjectConfigurationPlatforms) = postSolution
		{A10E7BE5-B68D-4788-BD2E-F4A474BBF44C}.Debug|Any CPU.ActiveCfg = Debug|Any CPU
		{A10E7BE5-B68D-4788-BD2E-F4A474BBF44C}.Debug|Any CPU.Build.0 = Debug|Any CPU
		{A10E7BE5-B68D-4788-BD2E-F4A474BBF44C}.Release|Any CPU.ActiveCfg = Release|Any CPU
		{A10E7BE5-B68D-4788-BD2E-F4A474BBF44C}.Release|Any CPU.Build.0 = Release|Any CPU
	EndGlobalSection
	GlobalSection(SolutionProperties) = preSolution
		HideSolutionNode = FALSE
	EndGlobalSection
	GlobalSection(ExtensibilityGlobals) = postSolution
		SolutionGuid = {B31B0619-432F-4A00-962A-6579CA438D69}
	EndGlobalSection
EndGlobal
